
Microsoft Visual Studio Solution File, Format Version 12.00
# Visual Studio 15
VisualStudioVersion = 15.0.28010.2041
MinimumVisualStudioVersion = 10.0.40219.1
Project("{FAE04EC0-301F-11D3-BF4B-00C04F79EFBC}") = "ejercicio_hotel", "ejercicio_hotel\ejercicio_hotel.csproj", "{0674989C-EDE8-4585-AAEE-C944E3FDA4A0}"
EndProject
Global
	GlobalSection(SolutionConfigurationPlatforms) = preSolution
		Debug|Any CPU = Debug|Any CPU
		Release|Any CPU = Release|Any CPU
	EndGlobalSection
	GlobalSection(ProjectConfigurationPlatforms) = postSolution
		{0674989C-EDE8-4585-AAEE-C944E3FDA4A0}.Debug|Any CPU.ActiveCfg = Debug|Any CPU
		{0674989C-EDE8-4585-AAEE-C944E3FDA4A0}.Debug|Any CPU.Build.0 = Debug|Any CPU
		{0674989C-EDE8-4585-AAEE-C944E3FDA4A0}.Release|Any CPU.ActiveCfg = Release|Any CPU
		{0674989C-EDE8-4585-AAEE-C944E3FDA4A0}.Release|Any CPU.Build.0 = Release|Any CPU
	EndGlobalSection
	GlobalSection(SolutionProperties) = preSolution
		HideSolutionNode = FALSE
	EndGlobalSection
	GlobalSection(ExtensibilityGlobals) = postSolution
		SolutionGuid = {16CC8550-2E82-41DF-8062-FC05934C70F4}
	EndGlobalSection
EndGlobal
